{
  "name": "automacoin",
  "version": "0.1.0",
  "lockfileVersion": 1,
  "requires": true,
  "dependencies": {
    "csv": {
      "version": "5.3.1",
      "resolved": "https://registry.npmjs.org/csv/-/csv-5.3.1.tgz",
      "integrity": "sha512-UBO4x5EYpihikfjHUQ7dCTIgC+e9TrWWZbCcoMr935tcAZfXT1MZKHLD+aYSHs1jwW2G1uljpFfJ4XxYwQ6t5w==",
      "requires": {
        "csv-generate": "^3.2.4",
        "csv-parse": "^4.8.2",
        "csv-stringify": "^5.3.4",
        "stream-transform": "^2.0.1"
      }
    },
    "csv-generate": {
      "version": "3.2.4",
      "resolved": "https://registry.npmjs.org/csv-generate/-/csv-generate-3.2.4.tgz",
      "integrity": "sha512-qNM9eqlxd53TWJeGtY1IQPj90b563Zx49eZs8e0uMyEvPgvNVmX1uZDtdzAcflB3PniuH9creAzcFOdyJ9YGvA=="
    },
    "csv-parse": {
      "version": "4.8.6",
      "resolved": "https://registry.npmjs.org/csv-parse/-/csv-parse-4.8.6.tgz",
      "integrity": "sha512-rSJlpgAjrB6pmlPaqiBAp3qVtQHN07VxI+ozs+knMsNvgh4bDQgENKLFYLFMvT+jn/wr/zvqsd7IVZ7Txdkr7w=="
    },
    "csv-stringify": {
      "version": "5.3.6",
      "resolved": "https://registry.npmjs.org/csv-stringify/-/csv-stringify-5.3.6.tgz",
      "integrity": "sha512-kPcRbMvo5NLLD71TAqW5K+g9kbM2HpIZJLAzm73Du8U+5TXmDp9YtXKCBLyxEh0q3Jbg8QhNFBz3b5VJzjZ/jw=="
    },
    "grumle-turing": {
      "version": "1.0.3",
      "resolved": "https://registry.npmjs.org/grumle-turing/-/grumle-turing-1.0.3.tgz",
      "integrity": "sha512-eUfiF/PQTVBR6l0GPTznjTD58YiJscKrE1LGaAfbdWtvHi93DtT41GnaZ/j/d0pA3TvLHralDn6/tY3aA3SC1w=="
    },
    "mixme": {
      "version": "0.3.5",
      "resolved": "https://registry.npmjs.org/mixme/-/mixme-0.3.5.tgz",
      "integrity": "sha512-SyV9uPETRig5ZmYev0ANfiGeB+g6N2EnqqEfBbCGmmJ6MgZ3E4qv5aPbnHVdZ60KAHHXV+T3sXopdrnIXQdmjQ=="
    },
    "stream-transform": {
      "version": "2.0.1",
      "resolved": "https://registry.npmjs.org/stream-transform/-/stream-transform-2.0.1.tgz",
      "integrity": "sha512-GiTcO/rRvZP2R8WPwxmxCFP+Of1yIATuFAmYkvSLDfcD93X2WHiPwdgIqeFT2CvL1gyAsjQvu1nB6RDNQ5b2jw==",
      "requires": {
        "mixme": "^0.3.1"
      }
    }
  }
}
